// !$*UTF8*$!
{
	archiveVersion = 1;
	classes = {
	};
	objectVersion = 48;
	objects = {

/* Begin PBXBuildFile section */
		68ABE7081F4C09B700DECD03 /* AppDelegate.swift in Sources */ = {isa = PBXBuildFile; fileRef = 68ABE7071F4C09B700DECD03 /* AppDelegate.swift */; };
		68ABE70A1F4C09B700DECD03 /* ViewController.swift in Sources */ = {isa = PBXBuildFile; fileRef = 68ABE7091F4C09B700DECD03 /* ViewController.swift */; };
		68ABE70D1F4C09B700DECD03 /* Main.storyboard in Resources */ = {isa = PBXBuildFile; fileRef = 68ABE70B1F4C09B700DECD03 /* Main.storyboard */; };
		68ABE70F1F4C09B700DECD03 /* Assets.xcassets in Resources */ = {isa = PBXBuildFile; fileRef = 68ABE70E1F4C09B700DECD03 /* Assets.xcassets */; };
		68ABE7121F4C09B700DECD03 /* LaunchScreen.storyboard in Resources */ = {isa = PBXBuildFile; fileRef = 68ABE7101F4C09B700DECD03 /* LaunchScreen.storyboard */; };
		68ABE71A1F4C143D00DECD03 /* SqueezeNet.mlmodel in Sources */ = {isa = PBXBuildFile; fileRef = 68ABE7191F4C143900DECD03 /* SqueezeNet.mlmodel */; };
/* End PBXBuildFile section */

/* Begin PBXFileReference section */
		68ABE7041F4C09B700DECD03 /* ImageDetector.app */ = {isa = PBXFileReference; explicitFileType = wrapper.application; includeInIndex = 0; path = ImageDetector.app; sourceTree = BUILT_PRODUCTS_DIR; };
		68ABE7071F4C09B700DECD03 /* AppDelegate.swift */ = {isa = PBXFileReference; lastKnownFileType = sourcecode.swift; path = AppDelegate.swift; sourceTree = "<group>"; };
		68ABE7091F4C09B700DECD03 /* ViewController.swift */ = {isa = PBXFileReference; lastKnownFileType = sourcecode.swift; path = ViewController.swift; sourceTree = "<group>"; };
		68ABE70C1F4C09B700DECD03 /* Base */ = {isa = PBXFileReference; lastKnownFileType = file.storyboard; name = Base; path = Base.lproj/Main.storyboard; sourceTree = "<group>"; };
		68ABE70E1F4C09B700DECD03 /* Assets.xcassets */ = {isa = PBXFileReference; lastKnownFileType = folder.assetcatalog; path = Assets.xcassets; sourceTree = "<group>"; };
		68ABE7111F4C09B700DECD03 /* Base */ = {isa = PBXFileReference; lastKnownFileType = file.storyboard; name = Base; path = Base.lproj/LaunchScreen.storyboard; sourceTree = "<group>"; };
		68ABE7131F4C09B700DECD03 /* Info.plist */ = {isa = PBXFileReference; lastKnownFileType = text.plist.xml; path = Info.plist; sourceTree = "<group>"; };
		68ABE7191F4C143900DECD03 /* SqueezeNet.mlmodel */ = {isa = PBXFileReference; lastKnownFileType = file.mlmodel; path = SqueezeNet.mlmodel; sourceTree = "<group>"; };
/* End PBXFileReference section */

/* Begin PBXFrameworksBuildPhase section */
		68ABE7011F4C09B700DECD03 /* Frameworks */ = {
			isa = PBXFrameworksBuildPhase;
			buildActionMask = 2147483647;
			files = (
			);
			runOnlyForDeploymentPostprocessing = 0;
		};
/* End PBXFrameworksBuildPhase section */

/* Begin PBXGroup section */
		68ABE6FB1F4C09B700DECD03 = {
			isa = PBXGroup;
			children = (
				68ABE7061F4C09B700DECD03 /* ImageDetector */,
				68ABE7051F4C09B700DECD03 /* Products */,
			);
			sourceTree = "<group>";
		};
		68ABE7051F4C09B700DECD03 /* Products */ = {
			isa = PBXGroup;
			children = (
				68ABE7041F4C09B700DECD03 /* ImageDetector.app */,
			);
			name = Products;
			sourceTree = "<group>";
		};
		68ABE7061F4C09B700DECD03 /* ImageDetector */ = {
			isa = PBXGroup;
			children = (
				68ABE7191F4C143900DECD03 /* SqueezeNet.mlmodel */,
				68ABE7071F4C09B700DECD03 /* AppDelegate.swift */,
				68ABE7091F4C09B700DECD03 /* ViewController.swift */,
				68ABE70B1F4C09B700DECD03 /* Main.storyboard */,
				68ABE70E1F4C09B700DECD03 /* Assets.xcassets */,
				68ABE7101F4C09B700DECD03 /* LaunchScreen.storyboard */,
				68ABE7131F4C09B700DECD03 /* Info.plist */,
			);
			path = ImageDetector;
			sourceTree = "<group>";
		};
/* End PBXGroup section */

/* Begin PBXNativeTarget section */
		68ABE7031F4C09B700DECD03 /* ImageDetector */ = {
			isa = PBXNativeTarget;
			buildConfigurationList = 68ABE7161F4C09B700DECD03 /* Build configuration list for PBXNativeTarget "ImageDetector" */;
			buildPhases = (
				68ABE7001F4C09B700DECD03 /* Sources */,
				68ABE7011F4C09B700DECD03 /* Frameworks */,
				68ABE7021F4C09B700DECD03 /* Resources */,
			);
			buildRules = (
			);
			dependencies = (
			);
			name = ImageDetector;
			productName = ImageDetector;
			productReference = 68ABE7041F4C09B700DECD03 /* ImageDetector.app */;
			productType = "com.apple.product-type.application";
		};
/* End PBXNativeTarget section */

/* Begin PBXProject section */
		68ABE6FC1F4C09B700DECD03 /* Project object */ = {
			isa = PBXProject;
			attributes = {
				LastSwiftUpdateCheck = 0900;
				LastUpgradeCheck = 0900;
				ORGANIZATIONNAME = "Secret Lab";
				TargetAttributes = {
					68ABE7031F4C09B700DECD03 = {
						CreatedOnToolsVersion = 9.0;
					};
				};
			};
			buildConfigurationList = 68ABE6FF1F4C09B700DECD03 /* Build configuration list for PBXProject "ImageDetector" */;
			compatibilityVersion = "Xcode 8.0";
			developmentRegion = en;
			hasScannedForEncodings = 0;
			knownRegions = (
				en,
				Base,
			);
			mainGroup = 68ABE6FB1F4C09B700DECD03;
			productRefGroup = 68ABE7051F4C09B700DECD03 /* Products */;
			projectDirPath = "";
			projectRoot = "";
			targets = (
				68ABE7031F4C09B700DECD03 /* ImageDetector */,
			);
		};
/* End PBXProject section */

/* Begin PBXResourcesBuildPhase section */
		68ABE7021F4C09B700DECD03 /* Resources */ = {
			isa = PBXResourcesBuildPhase;
			buildActionMask = 2147483647;
			files = (
				68ABE7121F4C09B700DECD03 /* LaunchScreen.storyboard in Resources */,
				68ABE70F1F4C09B700DECD03 /* Assets.xcassets in Resources */,
				68ABE70D1F4C09B700DECD03 /* Main.storyboard in Resources */,
			);
			runOnlyForDeploymentPostprocessing = 0;
		};
/* End PBXResourcesBuildPhase section */

/* Begin PBXSourcesBuildPhase section */
		68ABE7001F4C09B700DECD03 /* Sources */ = {
			isa = PBXSourcesBuildPhase;
			buildActionMask = 2147483647;
			files = (
				68ABE70A1F4C09B700DECD03 /* ViewController.swift in Sources */,
				68ABE71A1F4C143D00DECD03 /* SqueezeNet.mlmodel in Sources */,
				68ABE7081F4C09B700DECD03 /* AppDelegate.swift in Sources */,
			);
			runOnlyForDeploymentPostprocessing = 0;
		};
/* End PBXSourcesBuildPhase section */

/* Begin PBXVariantGroup section */
		68ABE70B1F4C09B700DECD03 /* Main.storyboard */ = {
			isa = PBXVariantGroup;
			children = (
				68ABE70C1F4C09B700DECD03 /* Base */,
			);
			name = Main.storyboard;
			sourceTree = "<group>";
		};
		68ABE7101F4C09B700DECD03 /* LaunchScreen.storyboard */ = {
			isa = PBXVariantGroup;
			children = (
				68ABE7111F4C09B700DECD03 /* Base */,
			);
			name = LaunchScreen.storyboard;
			sourceTree = "<group>";
		};
/* End PBXVariantGroup section */

/* Begin XCBuildConfiguration section */
		68ABE7141F4C09B700DECD03 /* Debug */ = {
			isa = XCBuildConfiguration;
			buildSettings = {
				ALWAYS_SEARCH_USER_PATHS = NO;
				CLANG_ANALYZER_NONNULL = YES;
				CLANG_ANALYZER_NUMBER_OBJECT_CONVERSION = YES_AGGRESSIVE;
				CLANG_CXX_LANGUAGE_STANDARD = "gnu++14";
				CLANG_CXX_LIBRARY = "libc++";
				CLANG_ENABLE_MODULES = YES;
				CLANG_ENABLE_OBJC_ARC = YES;
				CLANG_WARN_BLOCK_CAPTURE_AUTORELEASING = YES;
				CLANG_WARN_BOOL_CONVERSION = YES;
				CLANG_WARN_COMMA = YES;
				CLANG_WARN_CONSTANT_CONVERSION = YES;
				CLANG_WARN_DIRECT_OBJC_ISA_USAGE = YES_ERROR;
				CLANG_WARN_DOCUMENTATION_COMMENTS = YES;
				CLANG_WARN_EMPTY_BODY = YES;
				CLANG_WARN_ENUM_CONVERSION = YES;
				CLANG_WARN_INFINITE_RECURSION = YES;
				CLANG_WARN_INT_CONVERSION = YES;
				CLANG_WARN_NON_LITERAL_NULL_CONVERSION = YES;
				CLANG_WARN_OBJC_LITERAL_CONVERSION = YES;
				CLANG_WARN_OBJC_ROOT_CLASS = YES_ERROR;
				CLANG_WARN_RANGE_LOOP_ANALYSIS = YES;
				CLANG_WARN_STRICT_PROTOTYPES = YES;
				CLANG_WARN_SUSPICIOUS_MOVE = YES;
				CLANG_WARN_UNGUARDED_AVAILABILITY = YES_AGGRESSIVE;
				CLANG_WARN_UNREACHABLE_CODE = YES;
				CLANG_WARN__DUPLICATE_METHOD_MATCH = YES;
				CODE_SIGN_IDENTITY = "iPhone Developer";
				COPY_PHASE_STRIP = NO;
				DEBUG_INFORMATION_FORMAT = dwarf;
				ENABLE_STRICT_OBJC_MSGSEND = YES;
				ENABLE_TESTABILITY = YES;
				GCC_C_LANGUAGE_STANDARD = gnu11;
				GCC_DYNAMIC_NO_PIC = NO;
				GCC_NO_COMMON_BLOCKS = YES;
				GCC_OPTIMIZATION_LEVEL = 0;
				GCC_PREPROCESSOR_DEFINITIONS = (
					"DEBUG=1",
					"$(inherited)",
				);
				GCC_WARN_64_TO_32_BIT_CONVERSION = YES;
				GCC_WARN_ABOUT_RETURN_TYPE = YES_ERROR;
				GCC_WARN_UNDECLARED_SELECTOR = YES;
				GCC_WARN_UNINITIALIZED_AUTOS = YES_AGGRESSIVE;
				GCC_WARN_UNUSED_FUNCTION = YES;
				GCC_WARN_UNUSED_VARIABLE = YES;
				IPHONEOS_DEPLOYMENT_TARGET = 11.0;
				MTL_ENABLE_DEBUG_INFO = YES;
				ONLY_ACTIVE_ARCH = YES;
				SDKROOT = iphoneos;
				SWIFT_ACTIVE_COMPILATION_CONDITIONS = DEBUG;
				SWIFT_OPTIMIZATION_LEVEL = "-Onone";
			};
			name = Debug;
		};
		68ABE7151F4C09B700DECD03 /* Release */ = {
			isa = XCBuildConfiguration;
			buildSettings = {
				ALWAYS_SEARCH_USER_PATHS = NO;
				CLANG_ANALYZER_NONNULL = YES;
				CLANG_ANALYZER_NUMBER_OBJECT_CONVERSION = YES_AGGRESSIVE;
				CLANG_CXX_LANGUAGE_STANDARD = "gnu++14";
				CLANG_CXX_LIBRARY = "libc++";
				CLANG_ENABLE_MODULES = YES;
				CLANG_ENABLE_OBJC_ARC = YES;
				CLANG_WARN_BLOCK_CAPTURE_AUTORELEASING = YES;
				CLANG_WARN_BOOL_CONVERSION = YES;
				CLANG_WARN_COMMA = YES;
				CLANG_WARN_CONSTANT_CONVERSION = YES;
				CLANG_WARN_DIRECT_OBJC_ISA_USAGE = YES_ERROR;
				CLANG_WARN_DOCUMENTATION_COMMENTS = YES;
				CLANG_WARN_EMPTY_BODY = YES;
				CLANG_WARN_ENUM_CONVERSION = YES;
				CLANG_WARN_INFINITE_RECURSION = YES;
				CLANG_WARN_INT_CONVERSION = YES;
				CLANG_WARN_NON_LITERAL_NULL_CONVERSION = YES;
				CLANG_WARN_OBJC_LITERAL_CONVERSION = YES;
				CLANG_WARN_OBJC_ROOT_CLASS = YES_ERROR;
				CLANG_WARN_RANGE_LOOP_ANALYSIS = YES;
				CLANG_WARN_STRICT_PROTOTYPES = YES;
				CLANG_WARN_SUSPICIOUS_MOVE = YES;
				CLANG_WARN_UNGUARDED_AVAILABILITY = YES_AGGRESSIVE;
				CLANG_WARN_UNREACHABLE_CODE = YES;
				CLANG_WARN__DUPLICATE_METHOD_MATCH = YES;
				CODE_SIGN_IDENTITY = "iPhone Developer";
				COPY_PHASE_STRIP = NO;
				DEBUG_INFORMATION_FORMAT = "dwarf-with-dsym";
				ENABLE_NS_ASSERTIONS = NO;
				ENABLE_STRICT_OBJC_MSGSEND = YES;
				GCC_C_LANGUAGE_STANDARD = gnu11;
				GCC_NO_COMMON_BLOCKS = YES;
				GCC_WARN_64_TO_32_BIT_CONVERSION = YES;
				GCC_WARN_ABOUT_RETURN_TYPE = YES_ERROR;
				GCC_WARN_UNDECLARED_SELECTOR = YES;
				GCC_WARN_UNINITIALIZED_AUTOS = YES_AGGRESSIVE;
				GCC_WARN_UNUSED_FUNCTION = YES;
				GCC_WARN_UNUSED_VARIABLE = YES;
				IPHONEOS_DEPLOYMENT_TARGET = 11.0;
				MTL_ENABLE_DEBUG_INFO = NO;
				SDKROOT = iphoneos;
				SWIFT_OPTIMIZATION_LEVEL = "-Owholemodule";
				VALIDATE_PRODUCT = YES;
			};
			name = Release;
		};
		68ABE7171F4C09B700DECD03 /* Debug */ = {
			isa = XCBuildConfiguration;
			buildSettings = {
				ASSETCATALOG_COMPILER_APPICON_NAME = AppIcon;
				DEVELOPMENT_TEAM = 5V2A4389PA;
				INFOPLIST_FILE = ImageDetector/Info.plist;
				LD_RUNPATH_SEARCH_PATHS = "$(inherited) @executable_path/Frameworks";
				PRODUCT_BUNDLE_IDENTIFIER = au.com.secretlab.training.ImageDetector;
				PRODUCT_NAME = "$(TARGET_NAME)";
				SWIFT_VERSION = 4.0;
				TARGETED_DEVICE_FAMILY = "1,2";
			};
			name = Debug;
		};
		68ABE7181F4C09B700DECD03 /* Release */ = {
			isa = XCBuildConfiguration;
			buildSettings = {
				ASSETCATALOG_COMPILER_APPICON_NAME = AppIcon;
				DEVELOPMENT_TEAM = 5V2A4389PA;
				INFOPLIST_FILE = ImageDetector/Info.plist;
				LD_RUNPATH_SEARCH_PATHS = "$(inherited) @executable_path/Frameworks";
				PRODUCT_BUNDLE_IDENTIFIER = au.com.secretlab.training.ImageDetector;
				PRODUCT_NAME = "$(TARGET_NAME)";
				SWIFT_VERSION = 4.0;
				TARGETED_DEVICE_FAMILY = "1,2";
			};
			name = Release;
		};
/* End XCBuildConfiguration section */

/* Begin XCConfigurationList section */
		68ABE6FF1F4C09B700DECD03 /* Build configuration list for PBXProject "ImageDetector" */ = {
			isa = XCConfigurationList;
			buildConfigurations = (
				68ABE7141F4C09B700DECD03 /* Debug */,
				68ABE7151F4C09B700DECD03 /* Release */,
			);
			defaultConfigurationIsVisible = 0;
			defaultConfigurationName = Release;
		};
		68ABE7161F4C09B700DECD03 /* Build configuration list for PBXNativeTarget "ImageDetector" */ = {
			isa = XCConfigurationList;
			buildConfigurations = (
				68ABE7171F4C09B700DECD03 /* Debug */,
				68ABE7181F4C09B700DECD03 /* Release */,
			);
			defaultConfigurationIsVisible = 0;
			defaultConfigurationName = Release;
		};
/* End XCConfigurationList section */
	};
	rootObject = 68ABE6FC1F4C09B700DECD03 /* Project object */;
}
